
Microsoft Visual Studio Solution File, Format Version 12.00
# Visual Studio Version 16
VisualStudioVersion = 16.0.31019.35
MinimumVisualStudioVersion = 10.0.40219.1
Project("{FAE04EC0-301F-11D3-BF4B-00C04F79EFBC}") = "HomeWork6", "HomeWork6.csproj", "{A35328DE-B01D-43D7-85A0-C06216B8FF4A}"
EndProject
Project("{FAE04EC0-301F-11D3-BF4B-00C04F79EFBC}") = "HomeWork6Tests", "..\HomeWork6Tests\HomeWork6Tests.csproj", "{DA64525B-871B-4FA2-ADC8-17C80890CAAC}"
EndProject
Global
	GlobalSection(SolutionConfigurationPlatforms) = preSolution
		Debug|Any CPU = Debug|Any CPU
		Release|Any CPU = Release|Any CPU
	EndGlobalSection
	GlobalSection(ProjectConfigurationPlatforms) = postSolution
		{A35328DE-B01D-43D7-85A0-C06216B8FF4A}.Debug|Any CPU.ActiveCfg = Debug|Any CPU
		{A35328DE-B01D-43D7-85A0-C06216B8FF4A}.Debug|Any CPU.Build.0 = Debug|Any CPU
		{A35328DE-B01D-43D7-85A0-C06216B8FF4A}.Release|Any CPU.ActiveCfg = Release|Any CPU
		{A35328DE-B01D-43D7-85A0-C06216B8FF4A}.Release|Any CPU.Build.0 = Release|Any CPU
		{DA64525B-871B-4FA2-ADC8-17C80890CAAC}.Debug|Any CPU.ActiveCfg = Debug|Any CPU
		{DA64525B-871B-4FA2-ADC8-17C80890CAAC}.Debug|Any CPU.Build.0 = Debug|Any CPU
		{DA64525B-871B-4FA2-ADC8-17C80890CAAC}.Release|Any CPU.ActiveCfg = Release|Any CPU
		{DA64525B-871B-4FA2-ADC8-17C80890CAAC}.Release|Any CPU.Build.0 = Release|Any CPU
	EndGlobalSection
	GlobalSection(SolutionProperties) = preSolution
		HideSolutionNode = FALSE
	EndGlobalSection
	GlobalSection(ExtensibilityGlobals) = postSolution
		SolutionGuid = {1D4CF834-FFC0-4180-9119-8036D81407DA}
	EndGlobalSection
EndGlobal
